
Microsoft Visual Studio Solution File, Format Version 12.00
# Visual Studio Version 16
VisualStudioVersion = 16.0.29403.142
MinimumVisualStudioVersion = 10.0.40219.1
Project("{9A19103F-16F7-4668-BE54-9A1E7A4F7556}") = "ASP.NET-Restaurang", "ASP.NET-Restaurang\ASP.NET-Restaurang.csproj", "{CBAF5DDF-9331-45DD-B552-93B869592B2A}"
EndProject
Project("{9A19103F-16F7-4668-BE54-9A1E7A4F7556}") = "VarorLibrary", "RestaurantLibrary\VarorLibrary.csproj", "{C4D665AD-197E-4892-A545-A7A0B3E910F1}"
EndProject
Project("{9A19103F-16F7-4668-BE54-9A1E7A4F7556}") = "OdeToFood.Data", "OdeToFood.Data\OdeToFood.Data.csproj", "{4492F13E-7D2D-4248-BD99-91371AF96883}"
EndProject
Project("{FAE04EC0-301F-11D3-BF4B-00C04F79EFBC}") = "ShoppingLibrary", "ShoppingLibrary\ShoppingLibrary.csproj", "{BF85A0D9-FD6F-458D-9576-CDD7DF2775A8}"
EndProject
Project("{FAE04EC0-301F-11D3-BF4B-00C04F79EFBC}") = "ConsoleUI", "ConsoleUI\ConsoleUI.csproj", "{E6293A18-0696-430A-B06B-A77DD644D19C}"
EndProject
Global
	GlobalSection(SolutionConfigurationPlatforms) = preSolution
		Debug|Any CPU = Debug|Any CPU
		Release|Any CPU = Release|Any CPU
	EndGlobalSection
	GlobalSection(ProjectConfigurationPlatforms) = postSolution
		{CBAF5DDF-9331-45DD-B552-93B869592B2A}.Debug|Any CPU.ActiveCfg = Debug|Any CPU
		{CBAF5DDF-9331-45DD-B552-93B869592B2A}.Debug|Any CPU.Build.0 = Debug|Any CPU
		{CBAF5DDF-9331-45DD-B552-93B869592B2A}.Release|Any CPU.ActiveCfg = Release|Any CPU
		{CBAF5DDF-9331-45DD-B552-93B869592B2A}.Release|Any CPU.Build.0 = Release|Any CPU
		{C4D665AD-197E-4892-A545-A7A0B3E910F1}.Debug|Any CPU.ActiveCfg = Debug|Any CPU
		{C4D665AD-197E-4892-A545-A7A0B3E910F1}.Debug|Any CPU.Build.0 = Debug|Any CPU
		{C4D665AD-197E-4892-A545-A7A0B3E910F1}.Release|Any CPU.ActiveCfg = Release|Any CPU
		{C4D665AD-197E-4892-A545-A7A0B3E910F1}.Release|Any CPU.Build.0 = Release|Any CPU
		{4492F13E-7D2D-4248-BD99-91371AF96883}.Debug|Any CPU.ActiveCfg = Debug|Any CPU
		{4492F13E-7D2D-4248-BD99-91371AF96883}.Debug|Any CPU.Build.0 = Debug|Any CPU
		{4492F13E-7D2D-4248-BD99-91371AF96883}.Release|Any CPU.ActiveCfg = Release|Any CPU
		{4492F13E-7D2D-4248-BD99-91371AF96883}.Release|Any CPU.Build.0 = Release|Any CPU
		{BF85A0D9-FD6F-458D-9576-CDD7DF2775A8}.Debug|Any CPU.ActiveCfg = Debug|Any CPU
		{BF85A0D9-FD6F-458D-9576-CDD7DF2775A8}.Debug|Any CPU.Build.0 = Debug|Any CPU
		{BF85A0D9-FD6F-458D-9576-CDD7DF2775A8}.Release|Any CPU.ActiveCfg = Release|Any CPU
		{BF85A0D9-FD6F-458D-9576-CDD7DF2775A8}.Release|Any CPU.Build.0 = Release|Any CPU
		{E6293A18-0696-430A-B06B-A77DD644D19C}.Debug|Any CPU.ActiveCfg = Debug|Any CPU
		{E6293A18-0696-430A-B06B-A77DD644D19C}.Debug|Any CPU.Build.0 = Debug|Any CPU
		{E6293A18-0696-430A-B06B-A77DD644D19C}.Release|Any CPU.ActiveCfg = Release|Any CPU
		{E6293A18-0696-430A-B06B-A77DD644D19C}.Release|Any CPU.Build.0 = Release|Any CPU
	EndGlobalSection
	GlobalSection(SolutionProperties) = preSolution
		HideSolutionNode = FALSE
	EndGlobalSection
	GlobalSection(ExtensibilityGlobals) = postSolution
		SolutionGuid = {5A22D560-2D02-41D4-8B28-B1CA3B8FC8CB}
	EndGlobalSection
EndGlobal
